
Microsoft Visual Studio Solution File, Format Version 12.00
# Visual Studio Version 17
VisualStudioVersion = 17.5.002.0
MinimumVisualStudioVersion = 10.0.40219.1
Project("{9A19103F-16F7-4668-BE54-9A1E7A4F7556}") = "razorweb", "razorweb.csproj", "{9BFD9753-58A6-4020-8912-214B0AD4C7F6}"
EndProject
Global
	GlobalSection(SolutionConfigurationPlatforms) = preSolution
		Debug|Any CPU = Debug|Any CPU
		Release|Any CPU = Release|Any CPU
	EndGlobalSection
	GlobalSection(ProjectConfigurationPlatforms) = postSolution
		{9BFD9753-58A6-4020-8912-214B0AD4C7F6}.Debug|Any CPU.ActiveCfg = Debug|Any CPU
		{9BFD9753-58A6-4020-8912-214B0AD4C7F6}.Debug|Any CPU.Build.0 = Debug|Any CPU
		{9BFD9753-58A6-4020-8912-214B0AD4C7F6}.Release|Any CPU.ActiveCfg = Release|Any CPU
		{9BFD9753-58A6-4020-8912-214B0AD4C7F6}.Release|Any CPU.Build.0 = Release|Any CPU
	EndGlobalSection
	GlobalSection(SolutionProperties) = preSolution
		HideSolutionNode = FALSE
	EndGlobalSection
	GlobalSection(ExtensibilityGlobals) = postSolution
		SolutionGuid = {D1CD3020-EB42-4EB7-94BA-42EB8F4D86AB}
	EndGlobalSection
EndGlobal
